// !$*UTF8*$!
{
	archiveVersion = 1;
	classes = {
	};
	objectVersion = 46;
	objects = {

/* Begin PBXBuildFile section */
		FEB4ED851BE80DE1004671D0 /* AppDelegate.swift in Sources */ = {isa = PBXBuildFile; fileRef = FEB4ED841BE80DE1004671D0 /* AppDelegate.swift */; };
		FEB4ED871BE80DE1004671D0 /* ViewController.swift in Sources */ = {isa = PBXBuildFile; fileRef = FEB4ED861BE80DE1004671D0 /* ViewController.swift */; };
		FEB4ED8A1BE80DE1004671D0 /* Main.storyboard in Resources */ = {isa = PBXBuildFile; fileRef = FEB4ED881BE80DE1004671D0 /* Main.storyboard */; };
		FEB4ED8C1BE80DE1004671D0 /* Assets.xcassets in Resources */ = {isa = PBXBuildFile; fileRef = FEB4ED8B1BE80DE1004671D0 /* Assets.xcassets */; };
		FEB4ED8F1BE80DE1004671D0 /* LaunchScreen.storyboard in Resources */ = {isa = PBXBuildFile; fileRef = FEB4ED8D1BE80DE1004671D0 /* LaunchScreen.storyboard */; };
/* End PBXBuildFile section */

/* Begin PBXFileReference section */
		FEB4ED811BE80DE1004671D0 /* Calculator.app */ = {isa = PBXFileReference; explicitFileType = wrapper.application; includeInIndex = 0; path = Calculator.app; sourceTree = BUILT_PRODUCTS_DIR; };
		FEB4ED841BE80DE1004671D0 /* AppDelegate.swift */ = {isa = PBXFileReference; lastKnownFileType = sourcecode.swift; path = AppDelegate.swift; sourceTree = "<group>"; };
		FEB4ED861BE80DE1004671D0 /* ViewController.swift */ = {isa = PBXFileReference; lastKnownFileType = sourcecode.swift; path = ViewController.swift; sourceTree = "<group>"; };
		FEB4ED891BE80DE1004671D0 /* Base */ = {isa = PBXFileReference; lastKnownFileType = file.storyboard; name = Base; path = Base.lproj/Main.storyboard; sourceTree = "<group>"; };
		FEB4ED8B1BE80DE1004671D0 /* Assets.xcassets */ = {isa = PBXFileReference; lastKnownFileType = folder.assetcatalog; path = Assets.xcassets; sourceTree = "<group>"; };
		FEB4ED8E1BE80DE1004671D0 /* Base */ = {isa = PBXFileReference; lastKnownFileType = file.storyboard; name = Base; path = Base.lproj/LaunchScreen.storyboard; sourceTree = "<group>"; };
		FEB4ED901BE80DE1004671D0 /* Info.plist */ = {isa = PBXFileReference; lastKnownFileType = text.plist.xml; path = Info.plist; sourceTree = "<group>"; };
/* End PBXFileReference section */

/* Begin PBXFrameworksBuildPhase section */
		FEB4ED7E1BE80DE1004671D0 /* Frameworks */ = {
			isa = PBXFrameworksBuildPhase;
			buildActionMask = 2147483647;
			files = (
			);
			runOnlyForDeploymentPostprocessing = 0;
		};
/* End PBXFrameworksBuildPhase section */

/* Begin PBXGroup section */
		FEB4ED781BE80DE1004671D0 = {
			isa = PBXGroup;
			children = (
				FEB4ED831BE80DE1004671D0 /* Calculator */,
				FEB4ED821BE80DE1004671D0 /* Products */,
			);
			sourceTree = "<group>";
		};
		FEB4ED821BE80DE1004671D0 /* Products */ = {
			isa = PBXGroup;
			children = (
				FEB4ED811BE80DE1004671D0 /* Calculator.app */,
			);
			name = Products;
			sourceTree = "<group>";
		};
		FEB4ED831BE80DE1004671D0 /* Calculator */ = {
			isa = PBXGroup;
			children = (
				FEB4ED841BE80DE1004671D0 /* AppDelegate.swift */,
				FEB4ED861BE80DE1004671D0 /* ViewController.swift */,
				FEB4ED881BE80DE1004671D0 /* Main.storyboard */,
				FEB4ED8B1BE80DE1004671D0 /* Assets.xcassets */,
				FEB4ED8D1BE80DE1004671D0 /* LaunchScreen.storyboard */,
				FEB4ED901BE80DE1004671D0 /* Info.plist */,
			);
			path = Calculator;
			sourceTree = "<group>";
		};
/* End PBXGroup section */

/* Begin PBXNativeTarget section */
		FEB4ED801BE80DE1004671D0 /* Calculator */ = {
			isa = PBXNativeTarget;
			buildConfigurationList = FEB4ED931BE80DE1004671D0 /* Build configuration list for PBXNativeTarget "Calculator" */;
			buildPhases = (
				FEB4ED7D1BE80DE1004671D0 /* Sources */,
				FEB4ED7E1BE80DE1004671D0 /* Frameworks */,
				FEB4ED7F1BE80DE1004671D0 /* Resources */,
			);
			buildRules = (
			);
			dependencies = (
			);
			name = Calculator;
			productName = Calculator;
			productReference = FEB4ED811BE80DE1004671D0 /* Calculator.app */;
			productType = "com.apple.product-type.application";
		};
/* End PBXNativeTarget section */

/* Begin PBXProject section */
		FEB4ED791BE80DE1004671D0 /* Project object */ = {
			isa = PBXProject;
			attributes = {
				LastSwiftUpdateCheck = 0710;
				LastUpgradeCheck = 0710;
				ORGANIZATIONNAME = "Lucas Damiani";
				TargetAttributes = {
					FEB4ED801BE80DE1004671D0 = {
						CreatedOnToolsVersion = 7.1;
						DevelopmentTeam = 5LJCEL2XR4;
					};
				};
			};
			buildConfigurationList = FEB4ED7C1BE80DE1004671D0 /* Build configuration list for PBXProject "Calculator" */;
			compatibilityVersion = "Xcode 3.2";
			developmentRegion = English;
			hasScannedForEncodings = 0;
			knownRegions = (
				en,
				Base,
			);
			mainGroup = FEB4ED781BE80DE1004671D0;
			productRefGroup = FEB4ED821BE80DE1004671D0 /* Products */;
			projectDirPath = "";
			projectRoot = "";
			targets = (
				FEB4ED801BE80DE1004671D0 /* Calculator */,
			);
		};
/* End PBXProject section */

/* Begin PBXResourcesBuildPhase section */
		FEB4ED7F1BE80DE1004671D0 /* Resources */ = {
			isa = PBXResourcesBuildPhase;
			buildActionMask = 2147483647;
			files = (
				FEB4ED8F1BE80DE1004671D0 /* LaunchScreen.storyboard in Resources */,
				FEB4ED8C1BE80DE1004671D0 /* Assets.xcassets in Resources */,
				FEB4ED8A1BE80DE1004671D0 /* Main.storyboard in Resources */,
			);
			runOnlyForDeploymentPostprocessing = 0;
		};
/* End PBXResourcesBuildPhase section */

/* Begin PBXSourcesBuildPhase section */
		FEB4ED7D1BE80DE1004671D0 /* Sources */ = {
			isa = PBXSourcesBuildPhase;
			buildActionMask = 2147483647;
			files = (
				FEB4ED871BE80DE1004671D0 /* ViewController.swift in Sources */,
				FEB4ED851BE80DE1004671D0 /* AppDelegate.swift in Sources */,
			);
			runOnlyForDeploymentPostprocessing = 0;
		};
/* End PBXSourcesBuildPhase section */

/* Begin PBXVariantGroup section */
		FEB4ED881BE80DE1004671D0 /* Main.storyboard */ = {
			isa = PBXVariantGroup;
			children = (
				FEB4ED891BE80DE1004671D0 /* Base */,
			);
			name = Main.storyboard;
			sourceTree = "<group>";
		};
		FEB4ED8D1BE80DE1004671D0 /* LaunchScreen.storyboard */ = {
			isa = PBXVariantGroup;
			children = (
				FEB4ED8E1BE80DE1004671D0 /* Base */,
			);
			name = LaunchScreen.storyboard;
			sourceTree = "<group>";
		};
/* End PBXVariantGroup section */

/* Begin XCBuildConfiguration section */
		FEB4ED911BE80DE1004671D0 /* Debug */ = {
			isa = XCBuildConfiguration;
			buildSettings = {
				ALWAYS_SEARCH_USER_PATHS = NO;
				CLANG_CXX_LANGUAGE_STANDARD = "gnu++0x";
				CLANG_CXX_LIBRARY = "libc++";
				CLANG_ENABLE_MODULES = YES;
				CLANG_ENABLE_OBJC_ARC = YES;
				CLANG_WARN_BOOL_CONVERSION = YES;
				CLANG_WARN_CONSTANT_CONVERSION = YES;
				CLANG_WARN_DIRECT_OBJC_ISA_USAGE = YES_ERROR;
				CLANG_WARN_EMPTY_BODY = YES;
				CLANG_WARN_ENUM_CONVERSION = YES;
				CLANG_WARN_INT_CONVERSION = YES;
				CLANG_WARN_OBJC_ROOT_CLASS = YES_ERROR;
				CLANG_WARN_UNREACHABLE_CODE = YES;
				CLANG_WARN__DUPLICATE_METHOD_MATCH = YES;
				"CODE_SIGN_IDENTITY[sdk=iphoneos*]" = "iPhone Developer";
				COPY_PHASE_STRIP = NO;
				DEBUG_INFORMATION_FORMAT = dwarf;
				ENABLE_STRICT_OBJC_MSGSEND = YES;
				ENABLE_TESTABILITY = YES;
				GCC_C_LANGUAGE_STANDARD = gnu99;
				GCC_DYNAMIC_NO_PIC = NO;
				GCC_NO_COMMON_BLOCKS = YES;
				GCC_OPTIMIZATION_LEVEL = 0;
				GCC_PREPROCESSOR_DEFINITIONS = (
					"DEBUG=1",
					"$(inherited)",
				);
				GCC_WARN_64_TO_32_BIT_CONVERSION = YES;
				GCC_WARN_ABOUT_RETURN_TYPE = YES_ERROR;
				GCC_WARN_UNDECLARED_SELECTOR = YES;
				GCC_WARN_UNINITIALIZED_AUTOS = YES_AGGRESSIVE;
				GCC_WARN_UNUSED_FUNCTION = YES;
				GCC_WARN_UNUSED_VARIABLE = YES;
				IPHONEOS_DEPLOYMENT_TARGET = 9.1;
				MTL_ENABLE_DEBUG_INFO = YES;
				ONLY_ACTIVE_ARCH = YES;
				SDKROOT = iphoneos;
				SWIFT_OPTIMIZATION_LEVEL = "-Onone";
			};
			name = Debug;
		};
		FEB4ED921BE80DE1004671D0 /* Release */ = {
			isa = XCBuildConfiguration;
			buildSettings = {
				ALWAYS_SEARCH_USER_PATHS = NO;
				CLANG_CXX_LANGUAGE_STANDARD = "gnu++0x";
				CLANG_CXX_LIBRARY = "libc++";
				CLANG_ENABLE_MODULES = YES;
				CLANG_ENABLE_OBJC_ARC = YES;
				CLANG_WARN_BOOL_CONVERSION = YES;
				CLANG_WARN_CONSTANT_CONVERSION = YES;
				CLANG_WARN_DIRECT_OBJC_ISA_USAGE = YES_ERROR;
				CLANG_WARN_EMPTY_BODY = YES;
				CLANG_WARN_ENUM_CONVERSION = YES;
				CLANG_WARN_INT_CONVERSION = YES;
				CLANG_WARN_OBJC_ROOT_CLASS = YES_ERROR;
				CLANG_WARN_UNREACHABLE_CODE = YES;
				CLANG_WARN__DUPLICATE_METHOD_MATCH = YES;
				"CODE_SIGN_IDENTITY[sdk=iphoneos*]" = "iPhone Developer";
				COPY_PHASE_STRIP = NO;
				DEBUG_INFORMATION_FORMAT = "dwarf-with-dsym";
				ENABLE_NS_ASSERTIONS = NO;
				ENABLE_STRICT_OBJC_MSGSEND = YES;
				GCC_C_LANGUAGE_STANDARD = gnu99;
				GCC_NO_COMMON_BLOCKS = YES;
				GCC_WARN_64_TO_32_BIT_CONVERSION = YES;
				GCC_WARN_ABOUT_RETURN_TYPE = YES_ERROR;
				GCC_WARN_UNDECLARED_SELECTOR = YES;
				GCC_WARN_UNINITIALIZED_AUTOS = YES_AGGRESSIVE;
				GCC_WARN_UNUSED_FUNCTION = YES;
				GCC_WARN_UNUSED_VARIABLE = YES;
				IPHONEOS_DEPLOYMENT_TARGET = 9.1;
				MTL_ENABLE_DEBUG_INFO = NO;
				SDKROOT = iphoneos;
				VALIDATE_PRODUCT = YES;
			};
			name = Release;
		};
		FEB4ED941BE80DE1004671D0 /* Debug */ = {
			isa = XCBuildConfiguration;
			buildSettings = {
				ASSETCATALOG_COMPILER_APPICON_NAME = AppIcon;
				INFOPLIST_FILE = Calculator/Info.plist;
				LD_RUNPATH_SEARCH_PATHS = "$(inherited) @executable_path/Frameworks";
				PRODUCT_BUNDLE_IDENTIFIER = com.nalsonlabs.Calculator;
				PRODUCT_NAME = "$(TARGET_NAME)";
			};
			name = Debug;
		};
		FEB4ED951BE80DE1004671D0 /* Release */ = {
			isa = XCBuildConfiguration;
			buildSettings = {
				ASSETCATALOG_COMPILER_APPICON_NAME = AppIcon;
				INFOPLIST_FILE = Calculator/Info.plist;
				LD_RUNPATH_SEARCH_PATHS = "$(inherited) @executable_path/Frameworks";
				PRODUCT_BUNDLE_IDENTIFIER = com.nalsonlabs.Calculator;
				PRODUCT_NAME = "$(TARGET_NAME)";
			};
			name = Release;
		};
/* End XCBuildConfiguration section */

/* Begin XCConfigurationList section */
		FEB4ED7C1BE80DE1004671D0 /* Build configuration list for PBXProject "Calculator" */ = {
			isa = XCConfigurationList;
			buildConfigurations = (
				FEB4ED911BE80DE1004671D0 /* Debug */,
				FEB4ED921BE80DE1004671D0 /* Release */,
			);
			defaultConfigurationIsVisible = 0;
			defaultConfigurationName = Release;
		};
		FEB4ED931BE80DE1004671D0 /* Build configuration list for PBXNativeTarget "Calculator" */ = {
			isa = XCConfigurationList;
			buildConfigurations = (
				FEB4ED941BE80DE1004671D0 /* Debug */,
				FEB4ED951BE80DE1004671D0 /* Release */,
			);
			defaultConfigurationIsVisible = 0;
		};
/* End XCConfigurationList section */
	};
	rootObject = FEB4ED791BE80DE1004671D0 /* Project object */;
}
